
Microsoft Visual Studio Solution File, Format Version 12.00
# Visual Studio Version 17
VisualStudioVersion = 17.8.34330.188
MinimumVisualStudioVersion = 10.0.40219.1
Project("{9A19103F-16F7-4668-BE54-9A1E7A4F7556}") = "EFProject", "EFProject\EFProject.csproj", "{91BB16BD-D300-4A42-B884-D2E125DC5376}"
EndProject
Global
	GlobalSection(SolutionConfigurationPlatforms) = preSolution
		Debug|Any CPU = Debug|Any CPU
		Release|Any CPU = Release|Any CPU
	EndGlobalSection
	GlobalSection(ProjectConfigurationPlatforms) = postSolution
		{91BB16BD-D300-4A42-B884-D2E125DC5376}.Debug|Any CPU.ActiveCfg = Debug|Any CPU
		{91BB16BD-D300-4A42-B884-D2E125DC5376}.Debug|Any CPU.Build.0 = Debug|Any CPU
		{91BB16BD-D300-4A42-B884-D2E125DC5376}.Release|Any CPU.ActiveCfg = Release|Any CPU
		{91BB16BD-D300-4A42-B884-D2E125DC5376}.Release|Any CPU.Build.0 = Release|Any CPU
	EndGlobalSection
	GlobalSection(SolutionProperties) = preSolution
		HideSolutionNode = FALSE
	EndGlobalSection
	GlobalSection(ExtensibilityGlobals) = postSolution
		SolutionGuid = {809E0246-F67B-4F8C-BB1F-67E620ECB7D8}
	EndGlobalSection
EndGlobal
